
Microsoft Visual Studio Solution File, Format Version 12.00
# Visual Studio Version 17
VisualStudioVersion = 17.9.34728.123
MinimumVisualStudioVersion = 10.0.40219.1
Project("{FAE04EC0-301F-11D3-BF4B-00C04F79EFBC}") = "Desafio_Analize_Vendas_Um", "Desafio_Analize_Vendas_Um\Desafio_Analize_Vendas_Um.csproj", "{308EFDD2-2511-4067-BA37-4C00172027DE}"
EndProject
Global
	GlobalSection(SolutionConfigurationPlatforms) = preSolution
		Debug|Any CPU = Debug|Any CPU
		Release|Any CPU = Release|Any CPU
	EndGlobalSection
	GlobalSection(ProjectConfigurationPlatforms) = postSolution
		{308EFDD2-2511-4067-BA37-4C00172027DE}.Debug|Any CPU.ActiveCfg = Debug|Any CPU
		{308EFDD2-2511-4067-BA37-4C00172027DE}.Debug|Any CPU.Build.0 = Debug|Any CPU
		{308EFDD2-2511-4067-BA37-4C00172027DE}.Release|Any CPU.ActiveCfg = Release|Any CPU
		{308EFDD2-2511-4067-BA37-4C00172027DE}.Release|Any CPU.Build.0 = Release|Any CPU
	EndGlobalSection
	GlobalSection(SolutionProperties) = preSolution
		HideSolutionNode = FALSE
	EndGlobalSection
	GlobalSection(ExtensibilityGlobals) = postSolution
		SolutionGuid = {4583105C-03EE-42CA-9237-87ED637A4E57}
	EndGlobalSection
EndGlobal
